
Microsoft Visual Studio Solution File, Format Version 12.00
# Visual Studio Version 16
VisualStudioVersion = 16.0.29926.136
MinimumVisualStudioVersion = 10.0.40219.1
Project("{9A19103F-16F7-4668-BE54-9A1E7A4F7556}") = "InvvardDev.DemoTerraform.Tests", "InvvardDev.DemoTerraform.Tests\InvvardDev.DemoTerraform.Tests.csproj", "{C70AF072-162F-42DD-959E-B86BD5B815F5}"
EndProject
Project("{9A19103F-16F7-4668-BE54-9A1E7A4F7556}") = "InvvardDev.DemoTerraform.Api", "InvvardDev.DemoTerraform\InvvardDev.DemoTerraform.Api.csproj", "{791941DA-5F50-4D7A-97BC-BCB586D3C9F6}"
EndProject
Project("{9A19103F-16F7-4668-BE54-9A1E7A4F7556}") = "InvvardDev.DemoTerraform.BddTests", "InvvardDev.DemoTerraform.BddTests\InvvardDev.DemoTerraform.BddTests.csproj", "{B6669031-A747-46D2-AE33-7231C13D9163}"
EndProject
Global
	GlobalSection(SolutionConfigurationPlatforms) = preSolution
		Debug|Any CPU = Debug|Any CPU
		Release|Any CPU = Release|Any CPU
	EndGlobalSection
	GlobalSection(ProjectConfigurationPlatforms) = postSolution
		{C70AF072-162F-42DD-959E-B86BD5B815F5}.Debug|Any CPU.ActiveCfg = Debug|Any CPU
		{C70AF072-162F-42DD-959E-B86BD5B815F5}.Debug|Any CPU.Build.0 = Debug|Any CPU
		{C70AF072-162F-42DD-959E-B86BD5B815F5}.Release|Any CPU.ActiveCfg = Release|Any CPU
		{C70AF072-162F-42DD-959E-B86BD5B815F5}.Release|Any CPU.Build.0 = Release|Any CPU
		{791941DA-5F50-4D7A-97BC-BCB586D3C9F6}.Debug|Any CPU.ActiveCfg = Debug|Any CPU
		{791941DA-5F50-4D7A-97BC-BCB586D3C9F6}.Debug|Any CPU.Build.0 = Debug|Any CPU
		{791941DA-5F50-4D7A-97BC-BCB586D3C9F6}.Release|Any CPU.ActiveCfg = Release|Any CPU
		{791941DA-5F50-4D7A-97BC-BCB586D3C9F6}.Release|Any CPU.Build.0 = Release|Any CPU
		{B6669031-A747-46D2-AE33-7231C13D9163}.Debug|Any CPU.ActiveCfg = Debug|Any CPU
		{B6669031-A747-46D2-AE33-7231C13D9163}.Debug|Any CPU.Build.0 = Debug|Any CPU
		{B6669031-A747-46D2-AE33-7231C13D9163}.Release|Any CPU.ActiveCfg = Release|Any CPU
		{B6669031-A747-46D2-AE33-7231C13D9163}.Release|Any CPU.Build.0 = Release|Any CPU
	EndGlobalSection
	GlobalSection(SolutionProperties) = preSolution
		HideSolutionNode = FALSE
	EndGlobalSection
	GlobalSection(ExtensibilityGlobals) = postSolution
		SolutionGuid = {02E9D79D-8214-4574-9053-7183EE4278E2}
	EndGlobalSection
EndGlobal
